// !$*UTF8*$!
{
	archiveVersion = 1;
	classes = {
	};
	objectVersion = 48;
	objects = {

/* Begin PBXBuildFile section */
		7564AF4F1F822E5700F871B3 /* AppDelegate.swift in Sources */ = {isa = PBXBuildFile; fileRef = 7564AF4E1F822E5700F871B3 /* AppDelegate.swift */; };
		7564AF511F822E5700F871B3 /* ViewController.swift in Sources */ = {isa = PBXBuildFile; fileRef = 7564AF501F822E5700F871B3 /* ViewController.swift */; };
		7564AF541F822E5700F871B3 /* Main.storyboard in Resources */ = {isa = PBXBuildFile; fileRef = 7564AF521F822E5700F871B3 /* Main.storyboard */; };
		7564AF561F822E5700F871B3 /* Assets.xcassets in Resources */ = {isa = PBXBuildFile; fileRef = 7564AF551F822E5700F871B3 /* Assets.xcassets */; };
		7564AF591F822E5700F871B3 /* LaunchScreen.storyboard in Resources */ = {isa = PBXBuildFile; fileRef = 7564AF571F822E5700F871B3 /* LaunchScreen.storyboard */; };
		7564AF641F822E5700F871B3 /* URLSessionJSONTests.swift in Sources */ = {isa = PBXBuildFile; fileRef = 7564AF631F822E5700F871B3 /* URLSessionJSONTests.swift */; };
		7564AF6F1F822E5700F871B3 /* URLSessionJSONUITests.swift in Sources */ = {isa = PBXBuildFile; fileRef = 7564AF6E1F822E5700F871B3 /* URLSessionJSONUITests.swift */; };
/* End PBXBuildFile section */

/* Begin PBXContainerItemProxy section */
		7564AF601F822E5700F871B3 /* PBXContainerItemProxy */ = {
			isa = PBXContainerItemProxy;
			containerPortal = 7564AF431F822E5700F871B3 /* Project object */;
			proxyType = 1;
			remoteGlobalIDString = 7564AF4A1F822E5700F871B3;
			remoteInfo = URLSessionJSON;
		};
		7564AF6B1F822E5700F871B3 /* PBXContainerItemProxy */ = {
			isa = PBXContainerItemProxy;
			containerPortal = 7564AF431F822E5700F871B3 /* Project object */;
			proxyType = 1;
			remoteGlobalIDString = 7564AF4A1F822E5700F871B3;
			remoteInfo = URLSessionJSON;
		};
/* End PBXContainerItemProxy section */

/* Begin PBXFileReference section */
		7564AF4B1F822E5700F871B3 /* URLSessionJSON.app */ = {isa = PBXFileReference; explicitFileType = wrapper.application; includeInIndex = 0; path = URLSessionJSON.app; sourceTree = BUILT_PRODUCTS_DIR; };
		7564AF4E1F822E5700F871B3 /* AppDelegate.swift */ = {isa = PBXFileReference; lastKnownFileType = sourcecode.swift; path = AppDelegate.swift; sourceTree = "<group>"; };
		7564AF501F822E5700F871B3 /* ViewController.swift */ = {isa = PBXFileReference; lastKnownFileType = sourcecode.swift; path = ViewController.swift; sourceTree = "<group>"; };
		7564AF531F822E5700F871B3 /* Base */ = {isa = PBXFileReference; lastKnownFileType = file.storyboard; name = Base; path = Base.lproj/Main.storyboard; sourceTree = "<group>"; };
		7564AF551F822E5700F871B3 /* Assets.xcassets */ = {isa = PBXFileReference; lastKnownFileType = folder.assetcatalog; path = Assets.xcassets; sourceTree = "<group>"; };
		7564AF581F822E5700F871B3 /* Base */ = {isa = PBXFileReference; lastKnownFileType = file.storyboard; name = Base; path = Base.lproj/LaunchScreen.storyboard; sourceTree = "<group>"; };
		7564AF5A1F822E5700F871B3 /* Info.plist */ = {isa = PBXFileReference; lastKnownFileType = text.plist.xml; path = Info.plist; sourceTree = "<group>"; };
		7564AF5F1F822E5700F871B3 /* URLSessionJSONTests.xctest */ = {isa = PBXFileReference; explicitFileType = wrapper.cfbundle; includeInIndex = 0; path = URLSessionJSONTests.xctest; sourceTree = BUILT_PRODUCTS_DIR; };
		7564AF631F822E5700F871B3 /* URLSessionJSONTests.swift */ = {isa = PBXFileReference; lastKnownFileType = sourcecode.swift; path = URLSessionJSONTests.swift; sourceTree = "<group>"; };
		7564AF651F822E5700F871B3 /* Info.plist */ = {isa = PBXFileReference; lastKnownFileType = text.plist.xml; path = Info.plist; sourceTree = "<group>"; };
		7564AF6A1F822E5700F871B3 /* URLSessionJSONUITests.xctest */ = {isa = PBXFileReference; explicitFileType = wrapper.cfbundle; includeInIndex = 0; path = URLSessionJSONUITests.xctest; sourceTree = BUILT_PRODUCTS_DIR; };
		7564AF6E1F822E5700F871B3 /* URLSessionJSONUITests.swift */ = {isa = PBXFileReference; lastKnownFileType = sourcecode.swift; path = URLSessionJSONUITests.swift; sourceTree = "<group>"; };
		7564AF701F822E5700F871B3 /* Info.plist */ = {isa = PBXFileReference; lastKnownFileType = text.plist.xml; path = Info.plist; sourceTree = "<group>"; };
/* End PBXFileReference section */

/* Begin PBXFrameworksBuildPhase section */
		7564AF481F822E5700F871B3 /* Frameworks */ = {
			isa = PBXFrameworksBuildPhase;
			buildActionMask = 2147483647;
			files = (
			);
			runOnlyForDeploymentPostprocessing = 0;
		};
		7564AF5C1F822E5700F871B3 /* Frameworks */ = {
			isa = PBXFrameworksBuildPhase;
			buildActionMask = 2147483647;
			files = (
			);
			runOnlyForDeploymentPostprocessing = 0;
		};
		7564AF671F822E5700F871B3 /* Frameworks */ = {
			isa = PBXFrameworksBuildPhase;
			buildActionMask = 2147483647;
			files = (
			);
			runOnlyForDeploymentPostprocessing = 0;
		};
/* End PBXFrameworksBuildPhase section */

/* Begin PBXGroup section */
		7564AF421F822E5700F871B3 = {
			isa = PBXGroup;
			children = (
				7564AF4D1F822E5700F871B3 /* URLSessionJSON */,
				7564AF621F822E5700F871B3 /* URLSessionJSONTests */,
				7564AF6D1F822E5700F871B3 /* URLSessionJSONUITests */,
				7564AF4C1F822E5700F871B3 /* Products */,
			);
			sourceTree = "<group>";
		};
		7564AF4C1F822E5700F871B3 /* Products */ = {
			isa = PBXGroup;
			children = (
				7564AF4B1F822E5700F871B3 /* URLSessionJSON.app */,
				7564AF5F1F822E5700F871B3 /* URLSessionJSONTests.xctest */,
				7564AF6A1F822E5700F871B3 /* URLSessionJSONUITests.xctest */,
			);
			name = Products;
			sourceTree = "<group>";
		};
		7564AF4D1F822E5700F871B3 /* URLSessionJSON */ = {
			isa = PBXGroup;
			children = (
				7564AF4E1F822E5700F871B3 /* AppDelegate.swift */,
				7564AF501F822E5700F871B3 /* ViewController.swift */,
				7564AF521F822E5700F871B3 /* Main.storyboard */,
				7564AF551F822E5700F871B3 /* Assets.xcassets */,
				7564AF571F822E5700F871B3 /* LaunchScreen.storyboard */,
				7564AF5A1F822E5700F871B3 /* Info.plist */,
			);
			path = URLSessionJSON;
			sourceTree = "<group>";
		};
		7564AF621F822E5700F871B3 /* URLSessionJSONTests */ = {
			isa = PBXGroup;
			children = (
				7564AF631F822E5700F871B3 /* URLSessionJSONTests.swift */,
				7564AF651F822E5700F871B3 /* Info.plist */,
			);
			path = URLSessionJSONTests;
			sourceTree = "<group>";
		};
		7564AF6D1F822E5700F871B3 /* URLSessionJSONUITests */ = {
			isa = PBXGroup;
			children = (
				7564AF6E1F822E5700F871B3 /* URLSessionJSONUITests.swift */,
				7564AF701F822E5700F871B3 /* Info.plist */,
			);
			path = URLSessionJSONUITests;
			sourceTree = "<group>";
		};
/* End PBXGroup section */

/* Begin PBXNativeTarget section */
		7564AF4A1F822E5700F871B3 /* URLSessionJSON */ = {
			isa = PBXNativeTarget;
			buildConfigurationList = 7564AF731F822E5700F871B3 /* Build configuration list for PBXNativeTarget "URLSessionJSON" */;
			buildPhases = (
				7564AF471F822E5700F871B3 /* Sources */,
				7564AF481F822E5700F871B3 /* Frameworks */,
				7564AF491F822E5700F871B3 /* Resources */,
			);
			buildRules = (
			);
			dependencies = (
			);
			name = URLSessionJSON;
			productName = URLSessionJSON;
			productReference = 7564AF4B1F822E5700F871B3 /* URLSessionJSON.app */;
			productType = "com.apple.product-type.application";
		};
		7564AF5E1F822E5700F871B3 /* URLSessionJSONTests */ = {
			isa = PBXNativeTarget;
			buildConfigurationList = 7564AF761F822E5700F871B3 /* Build configuration list for PBXNativeTarget "URLSessionJSONTests" */;
			buildPhases = (
				7564AF5B1F822E5700F871B3 /* Sources */,
				7564AF5C1F822E5700F871B3 /* Frameworks */,
				7564AF5D1F822E5700F871B3 /* Resources */,
			);
			buildRules = (
			);
			dependencies = (
				7564AF611F822E5700F871B3 /* PBXTargetDependency */,
			);
			name = URLSessionJSONTests;
			productName = URLSessionJSONTests;
			productReference = 7564AF5F1F822E5700F871B3 /* URLSessionJSONTests.xctest */;
			productType = "com.apple.product-type.bundle.unit-test";
		};
		7564AF691F822E5700F871B3 /* URLSessionJSONUITests */ = {
			isa = PBXNativeTarget;
			buildConfigurationList = 7564AF791F822E5700F871B3 /* Build configuration list for PBXNativeTarget "URLSessionJSONUITests" */;
			buildPhases = (
				7564AF661F822E5700F871B3 /* Sources */,
				7564AF671F822E5700F871B3 /* Frameworks */,
				7564AF681F822E5700F871B3 /* Resources */,
			);
			buildRules = (
			);
			dependencies = (
				7564AF6C1F822E5700F871B3 /* PBXTargetDependency */,
			);
			name = URLSessionJSONUITests;
			productName = URLSessionJSONUITests;
			productReference = 7564AF6A1F822E5700F871B3 /* URLSessionJSONUITests.xctest */;
			productType = "com.apple.product-type.bundle.ui-testing";
		};
/* End PBXNativeTarget section */

/* Begin PBXProject section */
		7564AF431F822E5700F871B3 /* Project object */ = {
			isa = PBXProject;
			attributes = {
				LastSwiftUpdateCheck = 0900;
				LastUpgradeCheck = 0900;
				ORGANIZATIONNAME = "Uladzislau Daratsiuk";
				TargetAttributes = {
					7564AF4A1F822E5700F871B3 = {
						CreatedOnToolsVersion = 9.0;
						ProvisioningStyle = Automatic;
					};
					7564AF5E1F822E5700F871B3 = {
						CreatedOnToolsVersion = 9.0;
						ProvisioningStyle = Automatic;
						TestTargetID = 7564AF4A1F822E5700F871B3;
					};
					7564AF691F822E5700F871B3 = {
						CreatedOnToolsVersion = 9.0;
						ProvisioningStyle = Automatic;
						TestTargetID = 7564AF4A1F822E5700F871B3;
					};
				};
			};
			buildConfigurationList = 7564AF461F822E5700F871B3 /* Build configuration list for PBXProject "URLSessionJSON" */;
			compatibilityVersion = "Xcode 8.0";
			developmentRegion = en;
			hasScannedForEncodings = 0;
			knownRegions = (
				en,
				Base,
			);
			mainGroup = 7564AF421F822E5700F871B3;
			productRefGroup = 7564AF4C1F822E5700F871B3 /* Products */;
			projectDirPath = "";
			projectRoot = "";
			targets = (
				7564AF4A1F822E5700F871B3 /* URLSessionJSON */,
				7564AF5E1F822E5700F871B3 /* URLSessionJSONTests */,
				7564AF691F822E5700F871B3 /* URLSessionJSONUITests */,
			);
		};
/* End PBXProject section */

/* Begin PBXResourcesBuildPhase section */
		7564AF491F822E5700F871B3 /* Resources */ = {
			isa = PBXResourcesBuildPhase;
			buildActionMask = 2147483647;
			files = (
				7564AF591F822E5700F871B3 /* LaunchScreen.storyboard in Resources */,
				7564AF561F822E5700F871B3 /* Assets.xcassets in Resources */,
				7564AF541F822E5700F871B3 /* Main.storyboard in Resources */,
			);
			runOnlyForDeploymentPostprocessing = 0;
		};
		7564AF5D1F822E5700F871B3 /* Resources */ = {
			isa = PBXResourcesBuildPhase;
			buildActionMask = 2147483647;
			files = (
			);
			runOnlyForDeploymentPostprocessing = 0;
		};
		7564AF681F822E5700F871B3 /* Resources */ = {
			isa = PBXResourcesBuildPhase;
			buildActionMask = 2147483647;
			files = (
			);
			runOnlyForDeploymentPostprocessing = 0;
		};
/* End PBXResourcesBuildPhase section */

/* Begin PBXSourcesBuildPhase section */
		7564AF471F822E5700F871B3 /* Sources */ = {
			isa = PBXSourcesBuildPhase;
			buildActionMask = 2147483647;
			files = (
				7564AF511F822E5700F871B3 /* ViewController.swift in Sources */,
				7564AF4F1F822E5700F871B3 /* AppDelegate.swift in Sources */,
			);
			runOnlyForDeploymentPostprocessing = 0;
		};
		7564AF5B1F822E5700F871B3 /* Sources */ = {
			isa = PBXSourcesBuildPhase;
			buildActionMask = 2147483647;
			files = (
				7564AF641F822E5700F871B3 /* URLSessionJSONTests.swift in Sources */,
			);
			runOnlyForDeploymentPostprocessing = 0;
		};
		7564AF661F822E5700F871B3 /* Sources */ = {
			isa = PBXSourcesBuildPhase;
			buildActionMask = 2147483647;
			files = (
				7564AF6F1F822E5700F871B3 /* URLSessionJSONUITests.swift in Sources */,
			);
			runOnlyForDeploymentPostprocessing = 0;
		};
/* End PBXSourcesBuildPhase section */

/* Begin PBXTargetDependency section */
		7564AF611F822E5700F871B3 /* PBXTargetDependency */ = {
			isa = PBXTargetDependency;
			target = 7564AF4A1F822E5700F871B3 /* URLSessionJSON */;
			targetProxy = 7564AF601F822E5700F871B3 /* PBXContainerItemProxy */;
		};
		7564AF6C1F822E5700F871B3 /* PBXTargetDependency */ = {
			isa = PBXTargetDependency;
			target = 7564AF4A1F822E5700F871B3 /* URLSessionJSON */;
			targetProxy = 7564AF6B1F822E5700F871B3 /* PBXContainerItemProxy */;
		};
/* End PBXTargetDependency section */

/* Begin PBXVariantGroup section */
		7564AF521F822E5700F871B3 /* Main.storyboard */ = {
			isa = PBXVariantGroup;
			children = (
				7564AF531F822E5700F871B3 /* Base */,
			);
			name = Main.storyboard;
			sourceTree = "<group>";
		};
		7564AF571F822E5700F871B3 /* LaunchScreen.storyboard */ = {
			isa = PBXVariantGroup;
			children = (
				7564AF581F822E5700F871B3 /* Base */,
			);
			name = LaunchScreen.storyboard;
			sourceTree = "<group>";
		};
/* End PBXVariantGroup section */

/* Begin XCBuildConfiguration section */
		7564AF711F822E5700F871B3 /* Debug */ = {
			isa = XCBuildConfiguration;
			buildSettings = {
				ALWAYS_SEARCH_USER_PATHS = NO;
				CLANG_ANALYZER_NONNULL = YES;
				CLANG_ANALYZER_NUMBER_OBJECT_CONVERSION = YES_AGGRESSIVE;
				CLANG_CXX_LANGUAGE_STANDARD = "gnu++14";
				CLANG_CXX_LIBRARY = "libc++";
				CLANG_ENABLE_MODULES = YES;
				CLANG_ENABLE_OBJC_ARC = YES;
				CLANG_WARN_BLOCK_CAPTURE_AUTORELEASING = YES;
				CLANG_WARN_BOOL_CONVERSION = YES;
				CLANG_WARN_COMMA = YES;
				CLANG_WARN_CONSTANT_CONVERSION = YES;
				CLANG_WARN_DIRECT_OBJC_ISA_USAGE = YES_ERROR;
				CLANG_WARN_DOCUMENTATION_COMMENTS = YES;
				CLANG_WARN_EMPTY_BODY = YES;
				CLANG_WARN_ENUM_CONVERSION = YES;
				CLANG_WARN_INFINITE_RECURSION = YES;
				CLANG_WARN_INT_CONVERSION = YES;
				CLANG_WARN_NON_LITERAL_NULL_CONVERSION = YES;
				CLANG_WARN_OBJC_LITERAL_CONVERSION = YES;
				CLANG_WARN_OBJC_ROOT_CLASS = YES_ERROR;
				CLANG_WARN_RANGE_LOOP_ANALYSIS = YES;
				CLANG_WARN_STRICT_PROTOTYPES = YES;
				CLANG_WARN_SUSPICIOUS_MOVE = YES;
				CLANG_WARN_UNGUARDED_AVAILABILITY = YES_AGGRESSIVE;
				CLANG_WARN_UNREACHABLE_CODE = YES;
				CLANG_WARN__DUPLICATE_METHOD_MATCH = YES;
				CODE_SIGN_IDENTITY = "iPhone Developer";
				COPY_PHASE_STRIP = NO;
				DEBUG_INFORMATION_FORMAT = dwarf;
				ENABLE_STRICT_OBJC_MSGSEND = YES;
				ENABLE_TESTABILITY = YES;
				GCC_C_LANGUAGE_STANDARD = gnu11;
				GCC_DYNAMIC_NO_PIC = NO;
				GCC_NO_COMMON_BLOCKS = YES;
				GCC_OPTIMIZATION_LEVEL = 0;
				GCC_PREPROCESSOR_DEFINITIONS = (
					"DEBUG=1",
					"$(inherited)",
				);
				GCC_WARN_64_TO_32_BIT_CONVERSION = YES;
				GCC_WARN_ABOUT_RETURN_TYPE = YES_ERROR;
				GCC_WARN_UNDECLARED_SELECTOR = YES;
				GCC_WARN_UNINITIALIZED_AUTOS = YES_AGGRESSIVE;
				GCC_WARN_UNUSED_FUNCTION = YES;
				GCC_WARN_UNUSED_VARIABLE = YES;
				IPHONEOS_DEPLOYMENT_TARGET = 11.0;
				MTL_ENABLE_DEBUG_INFO = YES;
				ONLY_ACTIVE_ARCH = YES;
				SDKROOT = iphoneos;
				SWIFT_ACTIVE_COMPILATION_CONDITIONS = DEBUG;
				SWIFT_OPTIMIZATION_LEVEL = "-Onone";
			};
			name = Debug;
		};
		7564AF721F822E5700F871B3 /* Release */ = {
			isa = XCBuildConfiguration;
			buildSettings = {
				ALWAYS_SEARCH_USER_PATHS = NO;
				CLANG_ANALYZER_NONNULL = YES;
				CLANG_ANALYZER_NUMBER_OBJECT_CONVERSION = YES_AGGRESSIVE;
				CLANG_CXX_LANGUAGE_STANDARD = "gnu++14";
				CLANG_CXX_LIBRARY = "libc++";
				CLANG_ENABLE_MODULES = YES;
				CLANG_ENABLE_OBJC_ARC = YES;
				CLANG_WARN_BLOCK_CAPTURE_AUTORELEASING = YES;
				CLANG_WARN_BOOL_CONVERSION = YES;
				CLANG_WARN_COMMA = YES;
				CLANG_WARN_CONSTANT_CONVERSION = YES;
				CLANG_WARN_DIRECT_OBJC_ISA_USAGE = YES_ERROR;
				CLANG_WARN_DOCUMENTATION_COMMENTS = YES;
				CLANG_WARN_EMPTY_BODY = YES;
				CLANG_WARN_ENUM_CONVERSION = YES;
				CLANG_WARN_INFINITE_RECURSION = YES;
				CLANG_WARN_INT_CONVERSION = YES;
				CLANG_WARN_NON_LITERAL_NULL_CONVERSION = YES;
				CLANG_WARN_OBJC_LITERAL_CONVERSION = YES;
				CLANG_WARN_OBJC_ROOT_CLASS = YES_ERROR;
				CLANG_WARN_RANGE_LOOP_ANALYSIS = YES;
				CLANG_WARN_STRICT_PROTOTYPES = YES;
				CLANG_WARN_SUSPICIOUS_MOVE = YES;
				CLANG_WARN_UNGUARDED_AVAILABILITY = YES_AGGRESSIVE;
				CLANG_WARN_UNREACHABLE_CODE = YES;
				CLANG_WARN__DUPLICATE_METHOD_MATCH = YES;
				CODE_SIGN_IDENTITY = "iPhone Developer";
				COPY_PHASE_STRIP = NO;
				DEBUG_INFORMATION_FORMAT = "dwarf-with-dsym";
				ENABLE_NS_ASSERTIONS = NO;
				ENABLE_STRICT_OBJC_MSGSEND = YES;
				GCC_C_LANGUAGE_STANDARD = gnu11;
				GCC_NO_COMMON_BLOCKS = YES;
				GCC_WARN_64_TO_32_BIT_CONVERSION = YES;
				GCC_WARN_ABOUT_RETURN_TYPE = YES_ERROR;
				GCC_WARN_UNDECLARED_SELECTOR = YES;
				GCC_WARN_UNINITIALIZED_AUTOS = YES_AGGRESSIVE;
				GCC_WARN_UNUSED_FUNCTION = YES;
				GCC_WARN_UNUSED_VARIABLE = YES;
				IPHONEOS_DEPLOYMENT_TARGET = 11.0;
				MTL_ENABLE_DEBUG_INFO = NO;
				SDKROOT = iphoneos;
				SWIFT_OPTIMIZATION_LEVEL = "-Owholemodule";
				VALIDATE_PRODUCT = YES;
			};
			name = Release;
		};
		7564AF741F822E5700F871B3 /* Debug */ = {
			isa = XCBuildConfiguration;
			buildSettings = {
				ASSETCATALOG_COMPILER_APPICON_NAME = AppIcon;
				CODE_SIGN_STYLE = Automatic;
				DEVELOPMENT_TEAM = Z4NGAZXKWW;
				INFOPLIST_FILE = URLSessionJSON/Info.plist;
				LD_RUNPATH_SEARCH_PATHS = "$(inherited) @executable_path/Frameworks";
				PRODUCT_BUNDLE_IDENTIFIER = "Uladzislau-Daratsiuk.URLSessionJSON";
				PRODUCT_NAME = "$(TARGET_NAME)";
				SWIFT_VERSION = 4.0;
				TARGETED_DEVICE_FAMILY = "1,2";
			};
			name = Debug;
		};
		7564AF751F822E5700F871B3 /* Release */ = {
			isa = XCBuildConfiguration;
			buildSettings = {
				ASSETCATALOG_COMPILER_APPICON_NAME = AppIcon;
				CODE_SIGN_STYLE = Automatic;
				DEVELOPMENT_TEAM = Z4NGAZXKWW;
				INFOPLIST_FILE = URLSessionJSON/Info.plist;
				LD_RUNPATH_SEARCH_PATHS = "$(inherited) @executable_path/Frameworks";
				PRODUCT_BUNDLE_IDENTIFIER = "Uladzislau-Daratsiuk.URLSessionJSON";
				PRODUCT_NAME = "$(TARGET_NAME)";
				SWIFT_VERSION = 4.0;
				TARGETED_DEVICE_FAMILY = "1,2";
			};
			name = Release;
		};
		7564AF771F822E5700F871B3 /* Debug */ = {
			isa = XCBuildConfiguration;
			buildSettings = {
				ALWAYS_EMBED_SWIFT_STANDARD_LIBRARIES = YES;
				BUNDLE_LOADER = "$(TEST_HOST)";
				CODE_SIGN_STYLE = Automatic;
				DEVELOPMENT_TEAM = Z4NGAZXKWW;
				INFOPLIST_FILE = URLSessionJSONTests/Info.plist;
				LD_RUNPATH_SEARCH_PATHS = "$(inherited) @executable_path/Frameworks @loader_path/Frameworks";
				PRODUCT_BUNDLE_IDENTIFIER = "Uladzislau-Daratsiuk.URLSessionJSONTests";
				PRODUCT_NAME = "$(TARGET_NAME)";
				SWIFT_VERSION = 4.0;
				TARGETED_DEVICE_FAMILY = "1,2";
				TEST_HOST = "$(BUILT_PRODUCTS_DIR)/URLSessionJSON.app/URLSessionJSON";
			};
			name = Debug;
		};
		7564AF781F822E5700F871B3 /* Release */ = {
			isa = XCBuildConfiguration;
			buildSettings = {
				ALWAYS_EMBED_SWIFT_STANDARD_LIBRARIES = YES;
				BUNDLE_LOADER = "$(TEST_HOST)";
				CODE_SIGN_STYLE = Automatic;
				DEVELOPMENT_TEAM = Z4NGAZXKWW;
				INFOPLIST_FILE = URLSessionJSONTests/Info.plist;
				LD_RUNPATH_SEARCH_PATHS = "$(inherited) @executable_path/Frameworks @loader_path/Frameworks";
				PRODUCT_BUNDLE_IDENTIFIER = "Uladzislau-Daratsiuk.URLSessionJSONTests";
				PRODUCT_NAME = "$(TARGET_NAME)";
				SWIFT_VERSION = 4.0;
				TARGETED_DEVICE_FAMILY = "1,2";
				TEST_HOST = "$(BUILT_PRODUCTS_DIR)/URLSessionJSON.app/URLSessionJSON";
			};
			name = Release;
		};
		7564AF7A1F822E5700F871B3 /* Debug */ = {
			isa = XCBuildConfiguration;
			buildSettings = {
				ALWAYS_EMBED_SWIFT_STANDARD_LIBRARIES = YES;
				CODE_SIGN_STYLE = Automatic;
				DEVELOPMENT_TEAM = Z4NGAZXKWW;
				INFOPLIST_FILE = URLSessionJSONUITests/Info.plist;
				LD_RUNPATH_SEARCH_PATHS = "$(inherited) @executable_path/Frameworks @loader_path/Frameworks";
				PRODUCT_BUNDLE_IDENTIFIER = "Uladzislau-Daratsiuk.URLSessionJSONUITests";
				PRODUCT_NAME = "$(TARGET_NAME)";
				SWIFT_VERSION = 4.0;
				TARGETED_DEVICE_FAMILY = "1,2";
				TEST_TARGET_NAME = URLSessionJSON;
			};
			name = Debug;
		};
		7564AF7B1F822E5700F871B3 /* Release */ = {
			isa = XCBuildConfiguration;
			buildSettings = {
				ALWAYS_EMBED_SWIFT_STANDARD_LIBRARIES = YES;
				CODE_SIGN_STYLE = Automatic;
				DEVELOPMENT_TEAM = Z4NGAZXKWW;
				INFOPLIST_FILE = URLSessionJSONUITests/Info.plist;
				LD_RUNPATH_SEARCH_PATHS = "$(inherited) @executable_path/Frameworks @loader_path/Frameworks";
				PRODUCT_BUNDLE_IDENTIFIER = "Uladzislau-Daratsiuk.URLSessionJSONUITests";
				PRODUCT_NAME = "$(TARGET_NAME)";
				SWIFT_VERSION = 4.0;
				TARGETED_DEVICE_FAMILY = "1,2";
				TEST_TARGET_NAME = URLSessionJSON;
			};
			name = Release;
		};
/* End XCBuildConfiguration section */

/* Begin XCConfigurationList section */
		7564AF461F822E5700F871B3 /* Build configuration list for PBXProject "URLSessionJSON" */ = {
			isa = XCConfigurationList;
			buildConfigurations = (
				7564AF711F822E5700F871B3 /* Debug */,
				7564AF721F822E5700F871B3 /* Release */,
			);
			defaultConfigurationIsVisible = 0;
			defaultConfigurationName = Release;
		};
		7564AF731F822E5700F871B3 /* Build configuration list for PBXNativeTarget "URLSessionJSON" */ = {
			isa = XCConfigurationList;
			buildConfigurations = (
				7564AF741F822E5700F871B3 /* Debug */,
				7564AF751F822E5700F871B3 /* Release */,
			);
			defaultConfigurationIsVisible = 0;
			defaultConfigurationName = Release;
		};
		7564AF761F822E5700F871B3 /* Build configuration list for PBXNativeTarget "URLSessionJSONTests" */ = {
			isa = XCConfigurationList;
			buildConfigurations = (
				7564AF771F822E5700F871B3 /* Debug */,
				7564AF781F822E5700F871B3 /* Release */,
			);
			defaultConfigurationIsVisible = 0;
			defaultConfigurationName = Release;
		};
		7564AF791F822E5700F871B3 /* Build configuration list for PBXNativeTarget "URLSessionJSONUITests" */ = {
			isa = XCConfigurationList;
			buildConfigurations = (
				7564AF7A1F822E5700F871B3 /* Debug */,
				7564AF7B1F822E5700F871B3 /* Release */,
			);
			defaultConfigurationIsVisible = 0;
			defaultConfigurationName = Release;
		};
/* End XCConfigurationList section */
	};
	rootObject = 7564AF431F822E5700F871B3 /* Project object */;
}
